{
  "version": 4,
  "terraform_version": "0.14.6",
  "serial": 1,
  "lineage": "112a45a9-94b7-87f0-0966-648f71ba99a6",
  "outputs": {},
  "resources": [
    {
      "mode": "managed",
      "type": "aws_route53_zone",
      "name": "root",
      "provider": "provider[\"registry.terraform.io/hashicorp/aws\"]",
      "instances": [
        {
          "schema_version": 0,
          "attributes": {
            "comment": "Managed by Terraform",
            "delegation_set_id": "",
            "force_destroy": false,
            "id": "Z03571232JAUJ5ZHSHW8I",
            "name": "app.logbuddy.io",
            "name_servers": [
              "ns-1215.awsdns-23.org",
              "ns-2027.awsdns-61.co.uk",
              "ns-500.awsdns-62.com",
              "ns-865.awsdns-44.net"
            ],
            "tags": null,
            "vpc": [],
            "zone_id": "Z03571232JAUJ5ZHSHW8I"
          },
          "sensitive_attributes": [],
          "private": "bnVsbA=="
        }
      ]
    }
  ]
}
