{
  "version": 4,
  "terraform_version": "0.15.0",
  "serial": 1,
  "lineage": "11825461-e534-7c0c-e939-a52427a9eb41",
  "outputs": {},
  "resources": [
    {
      "mode": "managed",
      "type": "aws_route53_zone",
      "name": "root",
      "provider": "provider[\"registry.terraform.io/hashicorp/aws\"]",
      "instances": [
        {
          "schema_version": 0,
          "attributes": {
            "comment": "Managed by Terraform",
            "delegation_set_id": "",
            "force_destroy": false,
            "id": "Z03638351FP5626HKR4GG",
            "name": "preprod.app.logbuddy.io",
            "name_servers": [
              "ns-1308.awsdns-35.org",
              "ns-171.awsdns-21.com",
              "ns-1724.awsdns-23.co.uk",
              "ns-800.awsdns-36.net"
            ],
            "tags": null,
            "vpc": [],
            "zone_id": "Z03638351FP5626HKR4GG"
          },
          "sensitive_attributes": [],
          "private": "bnVsbA=="
        }
      ]
    }
  ]
}
